Microsoft Visual Studio Solution File, Format Version 12.00
# Visual Studio Version 16
VisualStudioVersion = 16.0.31025.194
MinimumVisualStudioVersion = 10.0.40219.1
Project("{8BC9CEB8-8B4A-11D0-8D11-00A0C91BC942}") = "Game", "game.vcxproj", "{07C4E7A3-1D3D-491E-84FE-9917FE9BAA4D}"
EndProject
Global
	GlobalSection(SolutionConfigurationPlatforms) = preSolution
		Debug|Win32 = Debug|Win32
		Gandalf|Win32 = Gandalf|Win32
		Potato|Win32 = Potato|Win32
		Release|Win32 = Release|Win32
		ReleasePT|Win32 = ReleasePT|Win32
		Slave|Win32 = Slave|Win32
	EndGlobalSection
	GlobalSection(ProjectConfigurationPlatforms) = postSolution
		{07C4E7A3-1D3D-491E-84FE-9917FE9BAA4D}.Debug|Win32.ActiveCfg = Debug|Win32
		{07C4E7A3-1D3D-491E-84FE-9917FE9BAA4D}.Debug|Win32.Build.0 = Debug|Win32
		{07C4E7A3-1D3D-491E-84FE-9917FE9BAA4D}.Gandalf|Win32.ActiveCfg = Gandalf|Win32
		{07C4E7A3-1D3D-491E-84FE-9917FE9BAA4D}.Gandalf|Win32.Build.0 = Gandalf|Win32
		{07C4E7A3-1D3D-491E-84FE-9917FE9BAA4D}.Potato|Win32.ActiveCfg = Potato|Win32
		{07C4E7A3-1D3D-491E-84FE-9917FE9BAA4D}.Potato|Win32.Build.0 = Potato|Win32
		{07C4E7A3-1D3D-491E-84FE-9917FE9BAA4D}.Release|Win32.ActiveCfg = Release|Win32
		{07C4E7A3-1D3D-491E-84FE-9917FE9BAA4D}.Release|Win32.Build.0 = Release|Win32
		{07C4E7A3-1D3D-491E-84FE-9917FE9BAA4D}.ReleasePT|Win32.ActiveCfg = ReleasePT|Win32
		{07C4E7A3-1D3D-491E-84FE-9917FE9BAA4D}.ReleasePT|Win32.Build.0 = ReleasePT|Win32
		{07C4E7A3-1D3D-491E-84FE-9917FE9BAA4D}.Slave|Win32.ActiveCfg = Slave|Win32
		{07C4E7A3-1D3D-491E-84FE-9917FE9BAA4D}.Slave|Win32.Build.0 = Slave|Win32
	EndGlobalSection
	GlobalSection(SolutionProperties) = preSolution
		HideSolutionNode = FALSE
	EndGlobalSection
	GlobalSection(ExtensibilityGlobals) = postSolution
		SolutionGuid = {0FA7531F-E067-4F2E-95FA-9FED82B50292}
	EndGlobalSection
EndGlobal
